
Microsoft Visual Studio Solution File, Format Version 12.00
# Visual Studio Version 16
VisualStudioVersion = 16.0.31112.23
MinimumVisualStudioVersion = 10.0.40219.1
Project("{FAE04EC0-301F-11D3-BF4B-00C04F79EFBC}") = "CK.Lum.Material.Api", "CK.Lum.Material.Api\CK.Lum.Material.Api.csproj", "{B6020DF5-15C2-476C-9B68-C5DA92E4C308}"
EndProject
Global
	GlobalSection(SolutionConfigurationPlatforms) = preSolution
		Debug|Any CPU = Debug|Any CPU
		Release|Any CPU = Release|Any CPU
	EndGlobalSection
	GlobalSection(ProjectConfigurationPlatforms) = postSolution
		{B6020DF5-15C2-476C-9B68-C5DA92E4C308}.Debug|Any CPU.ActiveCfg = Debug|Any CPU
		{B6020DF5-15C2-476C-9B68-C5DA92E4C308}.Debug|Any CPU.Build.0 = Debug|Any CPU
		{B6020DF5-15C2-476C-9B68-C5DA92E4C308}.Release|Any CPU.ActiveCfg = Release|Any CPU
		{B6020DF5-15C2-476C-9B68-C5DA92E4C308}.Release|Any CPU.Build.0 = Release|Any CPU
	EndGlobalSection
	GlobalSection(SolutionProperties) = preSolution
		HideSolutionNode = FALSE
	EndGlobalSection
	GlobalSection(ExtensibilityGlobals) = postSolution
		SolutionGuid = {33206CD3-53BC-4BD1-9DDC-67C2FD87BAF9}
	EndGlobalSection
EndGlobal
